# requirements-research.lock -- hash-locked pins for the isolated research venv.
# Generated per docs/adr/2026-08-07-w6-rail-infra-closures.md (W6, item 5) from a
# real `pip install -r requirements-research.txt` into a clean py3.11 venv
# (.venv-research) on 2026-08-22. Every hash below is the real
# sha256 PyPI publishes for the exact artifact pip installed (verified against the
# install log, not invented -- see forbidden-move §5 of the W6 ADR).
#
# Install: py -3.11 -m venv .venv-research && \
#   .venv-research/bin/pip install --require-hashes -r requirements-research.lock
# requirements-research.txt remains the human-readable pin list / source of truth
# for version bumps; regenerate this file (same recipe) after editing it.
#
# NOTE (2026-08-22): generating this file surfaced a real completeness gap in
# requirements-research.txt itself -- pexpect, ptyprocess (transitive via ipython),
# and uvloop (transitive via nautilus_trader) were installed by a plain
# `pip install -r requirements-research.txt` but were never pinned there, so
# `--require-hashes` failed on them. Fixed in both files in the same commit;
# `--require-hashes` install verified clean against the corrected closure.

aiohappyeyeballs==2.7.1 \
    --hash=sha256:9243213661e29250eb41368e5daa826fc017156c3b8a11440826b2e3ed376472
aiohttp==3.14.3 \
    --hash=sha256:53e7b4ce82b54a8bcc71b3b67a5cbd177ca1d7f592cbc92cd38b7349f73482db
aiosignal==1.4.0 \
    --hash=sha256:053243f8b92b990551949e63930a839ff0cf0b0ebbe0597b0f3fb19e1a0fe82e
anywidget==0.11.0 \
    --hash=sha256:c574d9acc6503ad27b37a9acea48f957a8ba7c9c9876cfcb37898931c098ce9d
arch==8.0.0 \
    --hash=sha256:975ec3bdf7926335742ac362251fafe32b448b8f194dead062f22a00beef772d
asttokens==3.0.1 \
    --hash=sha256:15a3ebc0f43c2d0a50eeafea25e19046c68398e487b9f1f5b517f7c0f40f976a
attrs==26.1.0 \
    --hash=sha256:c647aa4a12dfbad9333ca4e71fe62ddc36f4e63b2d260a37a8b83d2f043ac309
certifi==2026.6.17 \
    --hash=sha256:2227dcbaafe0d2f59279d1762ddddc37783ed4354594f194ffc31d20f41fc3db
cffi==2.1.0 \
    --hash=sha256:aa7a1b53a2a4452ada2d1b5dade9960b2522f1e61293a811a077439e39029565
charset-normalizer==3.4.9 \
    --hash=sha256:04ce310cb89c15df659582aee80a0603788732a5e017d5bd5c81158106ce249c
clarabel==0.11.1 \
    --hash=sha256:c8c41aaa6f3f8c0f3bd9d86c3e568dcaee079562c075bd2ec9fb3a80287380ef
click==8.4.2 \
    --hash=sha256:e6f9f66136c816745b9d65817da91d61d957fb16e02e4dcd0552553c5a197b76
cloudpickle==3.1.2 \
    --hash=sha256:9acb47f6afd73f60dc1df93bb801b472f05ff42fa6c84167d25cb206be1fbf4a
colorama==0.4.6 \
    --hash=sha256:4f1d9991f5acc0ca119f9d443620b77f9d6b33703e51011c16baf57afb285fc6
comm==0.2.3 \
    --hash=sha256:c615d91d75f7f04f095b30d1c1711babd43bdc6419c1be9886a85f2f4e489417
contourpy==1.3.3 \
    --hash=sha256:51e79c1f7470158e838808d4a996fa9bac72c498e93d8ebe5119bc1e6becb0db
cvxpy-base==1.9.2 \
    --hash=sha256:517af221d0fbaf6adc60c8abd5e630fa990bb9ac4f30394c8249542e596e3963
cycler==0.12.1 \
    --hash=sha256:85cef7cff222d8644161529808465972e51340599459b8ac3ccbac5a854e0d30
databento==0.81.0 \
    --hash=sha256:8d80dd9ef27e658031d9c7785db26e1ec17d3e285a9993bd4a4a744318e8410e
databento-dbn==0.62.0 \
    --hash=sha256:a9407e8240de1b0d3eb7b819073056388f1e30d51c732f9c67ac184da4556c9d
dateparser==1.4.1 \
    --hash=sha256:f25d4e051a84be27a35bd297e3e1dc59ff78373701b89be352ba80372d22d0d0
decorator==5.3.1 \
    --hash=sha256:f47fe6fdbd2edd623ecfe36875d37aba411624e2670dd395dddae1358689bb3c
dill==0.4.1 \
    --hash=sha256:1e1ce33e978ae97fcfcff5638477032b801c46c7c65cf717f95fbc2248f79a9d
executing==2.2.1 \
    --hash=sha256:760643d3452b4d777d295bb167ccc74c64a81df23fb5e08eff250c425a4b2017
filelock==3.29.7 \
    --hash=sha256:987db6f789a3a2a59f55081801b2b3697cb97e2a736b5f1a9e99b559285fbc51
fonttools==4.63.0 \
    --hash=sha256:d76ac49f929aecaf82d83250b8347e099d7aecba0f4726c1d9b6df3b8bb5fe18
frozenlist==1.8.0 \
    --hash=sha256:2552f44204b744fba866e573be4c1f9048d6a324dfe14475103fd51613eb1d1f
fsspec==2025.12.0 \
    --hash=sha256:8bf1fe301b7d8acfa6e8571e3b1c3d158f909666642431cc78a1b7b4dbc5ec5b
hmmlearn==0.3.3 \
    --hash=sha256:71a222a04d2b7c97299e9233342e2a446e218a740f2bcfa03eae88265d18424a
idna==3.18 \
    --hash=sha256:7f952cbe720b688055e3f87de14f5c3e5fdaa8bc3928985c4077ca689de849a2
ImageIO==2.37.3 \
    --hash=sha256:46f5bb8522cd421c0f5ae104d8268f569d856b29eb1a13b92829d1970f32c9f0
ipython==9.15.0 \
    --hash=sha256:515ad9c3cdf0c932a5a9f6245419e8aba706b7bd03c3e1d3a1c83d9351d6aa6e
ipython_pygments_lexers==1.1.1 \
    --hash=sha256:a9462224a505ade19a605f71f8fa63c2048833ce50abc86768a0d81d876dc81c
ipywidgets==8.1.8 \
    --hash=sha256:ecaca67aed704a338f88f67b1181b58f821ab5dc89c1f0f5ef99db43c1c2921e
jedi==0.20.0 \
    --hash=sha256:7bdd9c2634f56713299976f4cbd59cb3fa92165cc5e05ea811fb253480728b67
joblib==1.5.3 \
    --hash=sha256:5fc3c5039fc5ca8c0276333a188bbd59d6b7ab37fe6632daa76bc7f9ec18e713
juliacall==0.9.26 \
    --hash=sha256:4a5c93b477cc13ddc48a6a5526626edc0826d5128c522d91e0e0da1b5abe09bc
juliapkg==0.1.24 \
    --hash=sha256:cc3d39ccd26c82aa1fcaea413c6d7be062bbabdda07b922ac73a1abb7f38b7f8
jupyterlab_widgets==3.0.16 \
    --hash=sha256:45fa36d9c6422cf2559198e4db481aa243c7a32d9926b500781c830c80f7ecf8
kiwisolver==1.5.0 \
    --hash=sha256:2517e24d7315eb51c10664cdb865195df38ab74456c677df67bb47f12d088a27
llvmlite==0.48.0 \
    --hash=sha256:6fa532d6bb3fd3f0803567c736401c54aecfe1a396d3ad25d2440d220e09f0e7
matplotlib==3.11.0 \
    --hash=sha256:630eee0e67d35cce2019a0e670719f4816e3b86aff0fa72729f6c69786fceb45
matplotlib-inline==0.2.2 \
    --hash=sha256:3c821cf1c209f59fb2d2d64abbf5b23b67bcb2210d663f9918dd851c6da1fcf6
mpmath==1.3.0 \
    --hash=sha256:a0b2b9fe80bbcd81a6647ff13108738cfb482d481d826cc0e02f5b35e5c88d2c
msgspec==0.21.1 \
    --hash=sha256:6badc03b9725352219cca017bfe71c61f2fbd0fb5982b410ac17c97c213deb30
multidict==6.7.1 \
    --hash=sha256:439cbebd499f92e9aa6793016a8acaa161dfa749ae86d20960189f5398a19144
mypy_extensions==1.1.0 \
    --hash=sha256:1be4cccdb0f2482337c4743e60421de3a356cd97508abadd57d47403e94f5505
narwhals==2.23.0 \
    --hash=sha256:769e7b9ab102c93d8fa019f6b4cd1a657909b04a20bf6210e5a35aae06814ae9
nautilus_trader==1.221.0 \
    --hash=sha256:77d881f68c1f3a804a557e0e0d6d611eaa03c2602f772e86e50d48154c3cf7c5
numba==0.66.0 \
    --hash=sha256:fc6629becb21a867d85401ec89f426dd24c484a4193ade8a38309debfd1529ca
numpy==2.4.6 \
    --hash=sha256:89cd468399cfd2504718f0ba50e410dca55a170b61a02ad92bb18c8a65186e93
packaging==26.2 \
    --hash=sha256:5fc45236b9446107ff2415ce77c807cee2862cb6fac22b8a73826d0693b0980e
pandas==2.3.3 \
    --hash=sha256:b98560e98cb334799c0b07ca7967ac361a47326e9b4e5a7dfb5ab2b1c9d35a1b
parso==0.8.7 \
    --hash=sha256:a8926eb2a1b915486941fdbd31e86a4baf88fe8c210f25f2f35ecec5b574ca1c
patsy==1.0.2 \
    --hash=sha256:37bfddbc58fcf0362febb5f54f10743f8b21dd2aa73dec7e7ef59d1b02ae668a
pexpect==4.9.0 \
    --hash=sha256:7236d1e080e4936be2dc3e326cec0af72acf9212a7e1d060210e70a47e253523
pillow==12.3.0 \
    --hash=sha256:23d27a3e0307ec2244cc51e7287b919aa68d097504ebe19df4e76a98a3eea5bd
pip_system_certs==5.3 \
    --hash=sha256:3fbb5de62e374a99b688b1ad06e64ee5c4aeb633ef23e3a677d32e3e84fd863c
plotly==6.9.0 \
    --hash=sha256:36bebe2f1bb13884774fe61689c329071446f6ce4a8927fb1f0d6fb24f581236
portion==2.6.2 \
    --hash=sha256:86be115afafa776174dc5eac82afb6496c9fa3684f5b3a844c3139535c51085e
prompt_toolkit==3.0.52 \
    --hash=sha256:9aac639a3bbd33284347de5ad8d68ecc044b91a762dc39b7c21095fcd6a19955
propcache==0.5.2 \
    --hash=sha256:5aaa2b923c1944ac8febd6609cb373540a5563e7cbcb0fd770f75dace2eb817b
psutil==7.2.2 \
    --hash=sha256:076a2d2f923fd4821644f5ba89f059523da90dc9014e85f8e45a5774ca5bc6f9
psygnal==0.15.1 \
    --hash=sha256:c923c322eeefb1140886927cfe7bda7c32341087e290e812b9c69a624ab72d54
ptyprocess==0.7.0 \
    --hash=sha256:4b41f3967fce3af57cc7e94b888626c18bf37a083e3651ca8feeb66d492fef35
pure_eval==0.2.3 \
    --hash=sha256:1db8e35b67b3d218d818ae653e27f06c3aa420901fa7b081ca98cbedc874e0d0
pyarrow==25.0.0 \
    --hash=sha256:0222f0071d13313962a88d21bf28b80d355ac39d81bfa6ff3fe00eeaf748e4be
pycatch22==0.4.5 \
    --hash=sha256:7ec844c659f22bedc66847ac866ef2bd86ffbbd4d8114b5e97f699f20a6f9f81
pycparser==3.0 \
    --hash=sha256:b727414169a36b7d524c1c3e31839a521725078d7b2ff038656844266160a992
Pygments==2.20.0 \
    --hash=sha256:81a9e26dd42fd28a23a2d169d86d7ac03b46e2f8b59ed4698fb4785f946d0176
pyparsing==3.3.2 \
    --hash=sha256:850ba148bd908d7e2411587e247a1e4f0327839c40e2e5e6d05a007ecc69911d
pysr==1.5.10 \
    --hash=sha256:856dc287beb7bc652f0ddbc6f5aa3540c278ab2180a61fd02727984f72dc26a6
python-dateutil==2.9.0.post0 \
    --hash=sha256:a8b2bc7bffae282281c8140a97d3aa9c14da0b136dfe83f850eea9a5f7470427
pytz==2026.2 \
    --hash=sha256:04156e608bee23d3792fd45c94ae47fae1036688e75032eea2e3bf0323d1f126
PyWavelets==1.9.0 \
    --hash=sha256:d76b7fa8fc500b09201d689b4f15bf5887e30ffbe2e1f338eb8470590eb4521a
qdldl==0.1.9.post1 \
    --hash=sha256:e6d333d1de8f39ca3c34d0d88ee00a3d1b0d90f54dafad8d554b646c6110c7dd
regex==2026.7.10 \
    --hash=sha256:724ee9379568658ec06362cf24325c5315cc5a67f61dfe585bfeff58300a355b
requests==2.34.2 \
    --hash=sha256:2a0d60c172f83ac6ab31e4554906c0f3b3588d37b5cb939b1c061f4907e278e0
ruptures==1.1.10 \
    --hash=sha256:14860e1b1bbb439837320147dcd71ad31fc76a35988de94b5aa90bb0d22b1022
schedule==1.2.2 \
    --hash=sha256:5bef4a2a0183abf44046ae0d164cadcac21b1db011bdd8102e4a0c1e91e06a7d
scikit-learn==1.9.0 \
    --hash=sha256:f7e254636164090da847715a27f8e5478feb98c40a9e0ee90cbd277de9e5ceb8
scipy==1.17.1 \
    --hash=sha256:43af8d1f3bea642559019edfe64e9b11192a8978efbd1539d7bc2aaa23d92de4
semver==3.0.4 \
    --hash=sha256:9c824d87ba7f7ab4a1890799cec8596f15c1241cb473404ea1cb0c55e4b04746
six==1.17.0 \
    --hash=sha256:4721f391ed90541fddacab5acf947aa0d3dc7d27b2e1e8eda2be8970586c3274
skfolio==0.20.1 \
    --hash=sha256:ef2a0586e535628f384158f7712eb43509620f52c5e579bddfb91d6536e66b9f
sortedcontainers==2.4.0 \
    --hash=sha256:a163dcaede0f1c021485e957a39245190e74249897e2ae4b2aa38595db237ee0
sparsediffpy==0.3.0 \
    --hash=sha256:7ad6e232bc2fda5302ff9da612805b1d6293ad7ba1418deb657d7a0dc6b10d27
stack-data==0.6.3 \
    --hash=sha256:d5558e0c25a4cb0853cddad3d77da9891a08cb85dd9f9f91b9f8cd66e511e695
statsmodels==0.14.6 \
    --hash=sha256:a3764ba8195c9baf0925a96da0743ff218067a269f01d155ca3558deed2658ca
stumpy==1.14.1 \
    --hash=sha256:1150c95905fdee5f6cb8c77d7136035c2ef4f4aed8d41af73a550a4cf55c7fc5
sympy==1.14.0 \
    --hash=sha256:e091cc3e99d2141a0ba2847328f5479b05d94a6635cb96148ccb3f34671bd8f5
threadpoolctl==3.6.0 \
    --hash=sha256:43a0b8fd5a2928500110039e43a5eed8480b918967083ea48dc3ab9f13c4a7fb
tomli==2.4.1 \
    --hash=sha256:5a881ab208c0baf688221f8cecc5401bd291d67e38a1ac884d6736cbcd8247e9
tomlkit==0.15.0 \
    --hash=sha256:4dbc8f0fc024412b57ced8757ac7461305126a648ff8c2c807fcb8e133a78738
tqdm==4.68.4 \
    --hash=sha256:5168118b2368f48c561afda8020fd79195b1bdb0bdf8086b88442c267a315dc2
traitlets==5.15.1 \
    --hash=sha256:770a53705f84b81ac107e83a1b3328ff2dae16094d8fc3cfc004e4b22dfd8e92
tsfresh==0.21.2 \
    --hash=sha256:28dcef148f90f5d5d5176446ff34f360b71c31500fa2b71c4cb2a3090f236318
typing_extensions==4.16.0 \
    --hash=sha256:481caa481374e813c1b176ada14e97f1f67a4539ce9cfeb3f350d78d6370c2e8
tzdata==2026.3 \
    --hash=sha256:dc096730c87af6cab1b171c9d532be840741ff5d459015e7f6947bd7d7e54931
tzlocal==5.4.4 \
    --hash=sha256:aae09f0126a8a86fa736be266eb4a471380d26a0de3bc14844e7821fee3e2a15
urllib3==2.7.0 \
    --hash=sha256:9fb4c81ebbb1ce9531cce37674bbc6f1360472bc18ca9a553ede278ef7276897
uvloop==0.22.1 \
    --hash=sha256:56a2d1fae65fd82197cb8c53c367310b3eabe1bbb9fb5a04d28e3e3520e4f702
vectorbt==1.0.0 \
    --hash=sha256:c596e11bdad985181150f3b3c8db0a7322c738fbb64c7a919a0418e99326cc13
wcwidth==0.8.2 \
    --hash=sha256:d63947694a0539a1d51e01eda7caf800c291020e6cdd7e28ad7b14dd33ad4f85
widgetsnbextension==4.0.15 \
    --hash=sha256:8156704e4346a571d9ce73b84bee86a29906c9abfd7223b7228a28899ccf3366
yarl==1.24.2 \
    --hash=sha256:49016d82f032b1bd1e10b01078a7d29ae71bf468eeae0ea22df8bab691e60003
zstandard==0.25.0 \
    --hash=sha256:9300d02ea7c6506f00e627e287e0492a5eb0371ec1670ae852fefffa6164b072
